
Microsoft Visual Studio Solution File, Format Version 12.00
# Visual Studio 15
VisualStudioVersion = 15.0.28307.136
MinimumVisualStudioVersion = 10.0.40219.1
Project("{9A19103F-16F7-4668-BE54-9A1E7A4F7556}") = "DataCollector", "WifiTrackingCollector\DataCollector.csproj", "{65CFD7A0-6EEA-4E05-A247-5AA59A59D0BD}"
EndProject
Project("{FAE04EC0-301F-11D3-BF4B-00C04F79EFBC}") = "TestDataCollector", "TestDataCollector\TestDataCollector.csproj", "{92294FF5-ABE3-471C-84DB-BA79074FA5B4}"
EndProject
Global
	GlobalSection(SolutionConfigurationPlatforms) = preSolution
		Debug|Any CPU = Debug|Any CPU
		Release|Any CPU = Release|Any CPU
	EndGlobalSection
	GlobalSection(ProjectConfigurationPlatforms) = postSolution
		{65CFD7A0-6EEA-4E05-A247-5AA59A59D0BD}.Debug|Any CPU.ActiveCfg = Debug|Any CPU
		{65CFD7A0-6EEA-4E05-A247-5AA59A59D0BD}.Debug|Any CPU.Build.0 = Debug|Any CPU
		{65CFD7A0-6EEA-4E05-A247-5AA59A59D0BD}.Release|Any CPU.ActiveCfg = Release|Any CPU
		{65CFD7A0-6EEA-4E05-A247-5AA59A59D0BD}.Release|Any CPU.Build.0 = Release|Any CPU
		{92294FF5-ABE3-471C-84DB-BA79074FA5B4}.Debug|Any CPU.ActiveCfg = Debug|Any CPU
		{92294FF5-ABE3-471C-84DB-BA79074FA5B4}.Debug|Any CPU.Build.0 = Debug|Any CPU
		{92294FF5-ABE3-471C-84DB-BA79074FA5B4}.Release|Any CPU.ActiveCfg = Release|Any CPU
		{92294FF5-ABE3-471C-84DB-BA79074FA5B4}.Release|Any CPU.Build.0 = Release|Any CPU
	EndGlobalSection
	GlobalSection(SolutionProperties) = preSolution
		HideSolutionNode = FALSE
	EndGlobalSection
	GlobalSection(ExtensibilityGlobals) = postSolution
		SolutionGuid = {FC630084-88E0-48E5-9542-C02819B55179}
	EndGlobalSection
EndGlobal
